
Microsoft Visual Studio Solution File, Format Version 12.00
# Visual Studio Version 17
VisualStudioVersion = 17.11.35312.102
MinimumVisualStudioVersion = 10.0.40219.1
Project("{888888A0-9F3D-457C-B088-3A5042F75D52}") = "suzdp", "suzdp\suzdp.pyproj", "{94054C84-6632-4C21-BBCD-E8BDBC034BC0}"
EndProject
Global
	GlobalSection(SolutionConfigurationPlatforms) = preSolution
		Debug|Any CPU = Debug|Any CPU
		Release|Any CPU = Release|Any CPU
	EndGlobalSection
	GlobalSection(ProjectConfigurationPlatforms) = postSolution
		{94054C84-6632-4C21-BBCD-E8BDBC034BC0}.Debug|Any CPU.ActiveCfg = Debug|Any CPU
		{94054C84-6632-4C21-BBCD-E8BDBC034BC0}.Release|Any CPU.ActiveCfg = Release|Any CPU
	EndGlobalSection
	GlobalSection(SolutionProperties) = preSolution
		HideSolutionNode = FALSE
	EndGlobalSection
	GlobalSection(ExtensibilityGlobals) = postSolution
		SolutionGuid = {A64A84AC-78ED-4627-98CB-542EF16EA205}
	EndGlobalSection
EndGlobal
